
Microsoft Visual Studio Solution File, Format Version 12.00
# Visual Studio 15
VisualStudioVersion = 15.0.28307.1259
MinimumVisualStudioVersion = 10.0.40219.1
Project("{9A19103F-16F7-4668-BE54-9A1E7A4F7556}") = "SharpServer", "SharpServer\SharpServer.csproj", "{88C01A84-43F1-4928-A771-45EE39362743}"
EndProject
Project("{9A19103F-16F7-4668-BE54-9A1E7A4F7556}") = "TwoFactor", "two-factor\src\TwoFactor\TwoFactor.csproj", "{903279E1-4D47-4F18-A6F6-ED61EAAD8176}"
EndProject
Project("{9A19103F-16F7-4668-BE54-9A1E7A4F7556}") = "demo", "demo\demo.csproj", "{613FFB13-A13E-49CE-829E-B41B15B2E6CD}"
EndProject
Project("{9A19103F-16F7-4668-BE54-9A1E7A4F7556}") = "FluentFTP", "FluentFTP\FluentFTP.csproj", "{DFE173EE-7B3E-4065-9EE8-4DE33B143F5E}"
EndProject
Global
	GlobalSection(SolutionConfigurationPlatforms) = preSolution
		Debug|Any CPU = Debug|Any CPU
		Debug|Mixed Platforms = Debug|Mixed Platforms
		Debug|x86 = Debug|x86
		Release|Any CPU = Release|Any CPU
		Release|Mixed Platforms = Release|Mixed Platforms
		Release|x86 = Release|x86
	EndGlobalSection
	GlobalSection(ProjectConfigurationPlatforms) = postSolution
		{88C01A84-43F1-4928-A771-45EE39362743}.Debug|Any CPU.ActiveCfg = Debug|Any CPU
		{88C01A84-43F1-4928-A771-45EE39362743}.Debug|Any CPU.Build.0 = Debug|Any CPU
		{88C01A84-43F1-4928-A771-45EE39362743}.Debug|Mixed Platforms.ActiveCfg = Debug|Any CPU
		{88C01A84-43F1-4928-A771-45EE39362743}.Debug|Mixed Platforms.Build.0 = Debug|Any CPU
		{88C01A84-43F1-4928-A771-45EE39362743}.Debug|x86.ActiveCfg = Debug|Any CPU
		{88C01A84-43F1-4928-A771-45EE39362743}.Debug|x86.Build.0 = Debug|Any CPU
		{88C01A84-43F1-4928-A771-45EE39362743}.Release|Any CPU.ActiveCfg = Release|Any CPU
		{88C01A84-43F1-4928-A771-45EE39362743}.Release|Any CPU.Build.0 = Release|Any CPU
		{88C01A84-43F1-4928-A771-45EE39362743}.Release|Mixed Platforms.ActiveCfg = Release|Any CPU
		{88C01A84-43F1-4928-A771-45EE39362743}.Release|Mixed Platforms.Build.0 = Release|Any CPU
		{88C01A84-43F1-4928-A771-45EE39362743}.Release|x86.ActiveCfg = Release|Any CPU
		{88C01A84-43F1-4928-A771-45EE39362743}.Release|x86.Build.0 = Release|Any CPU
		{903279E1-4D47-4F18-A6F6-ED61EAAD8176}.Debug|Any CPU.ActiveCfg = Debug|Any CPU
		{903279E1-4D47-4F18-A6F6-ED61EAAD8176}.Debug|Any CPU.Build.0 = Debug|Any CPU
		{903279E1-4D47-4F18-A6F6-ED61EAAD8176}.Debug|Mixed Platforms.ActiveCfg = Debug|Any CPU
		{903279E1-4D47-4F18-A6F6-ED61EAAD8176}.Debug|Mixed Platforms.Build.0 = Debug|Any CPU
		{903279E1-4D47-4F18-A6F6-ED61EAAD8176}.Debug|x86.ActiveCfg = Debug|Any CPU
		{903279E1-4D47-4F18-A6F6-ED61EAAD8176}.Debug|x86.Build.0 = Debug|Any CPU
		{903279E1-4D47-4F18-A6F6-ED61EAAD8176}.Release|Any CPU.ActiveCfg = Release|Any CPU
		{903279E1-4D47-4F18-A6F6-ED61EAAD8176}.Release|Any CPU.Build.0 = Release|Any CPU
		{903279E1-4D47-4F18-A6F6-ED61EAAD8176}.Release|Mixed Platforms.ActiveCfg = Release|Any CPU
		{903279E1-4D47-4F18-A6F6-ED61EAAD8176}.Release|Mixed Platforms.Build.0 = Release|Any CPU
		{903279E1-4D47-4F18-A6F6-ED61EAAD8176}.Release|x86.ActiveCfg = Release|Any CPU
		{903279E1-4D47-4F18-A6F6-ED61EAAD8176}.Release|x86.Build.0 = Release|Any CPU
		{613FFB13-A13E-49CE-829E-B41B15B2E6CD}.Debug|Any CPU.ActiveCfg = Debug|Any CPU
		{613FFB13-A13E-49CE-829E-B41B15B2E6CD}.Debug|Any CPU.Build.0 = Debug|Any CPU
		{613FFB13-A13E-49CE-829E-B41B15B2E6CD}.Debug|Mixed Platforms.ActiveCfg = Debug|Any CPU
		{613FFB13-A13E-49CE-829E-B41B15B2E6CD}.Debug|Mixed Platforms.Build.0 = Debug|Any CPU
		{613FFB13-A13E-49CE-829E-B41B15B2E6CD}.Debug|x86.ActiveCfg = Debug|Any CPU
		{613FFB13-A13E-49CE-829E-B41B15B2E6CD}.Debug|x86.Build.0 = Debug|Any CPU
		{613FFB13-A13E-49CE-829E-B41B15B2E6CD}.Release|Any CPU.ActiveCfg = Release|Any CPU
		{613FFB13-A13E-49CE-829E-B41B15B2E6CD}.Release|Any CPU.Build.0 = Release|Any CPU
		{613FFB13-A13E-49CE-829E-B41B15B2E6CD}.Release|Mixed Platforms.ActiveCfg = Release|Any CPU
		{613FFB13-A13E-49CE-829E-B41B15B2E6CD}.Release|Mixed Platforms.Build.0 = Release|Any CPU
		{613FFB13-A13E-49CE-829E-B41B15B2E6CD}.Release|x86.ActiveCfg = Release|Any CPU
		{613FFB13-A13E-49CE-829E-B41B15B2E6CD}.Release|x86.Build.0 = Release|Any CPU
		{DFE173EE-7B3E-4065-9EE8-4DE33B143F5E}.Debug|Any CPU.ActiveCfg = Debug|Any CPU
		{DFE173EE-7B3E-4065-9EE8-4DE33B143F5E}.Debug|Any CPU.Build.0 = Debug|Any CPU
		{DFE173EE-7B3E-4065-9EE8-4DE33B143F5E}.Debug|Mixed Platforms.ActiveCfg = Debug|Any CPU
		{DFE173EE-7B3E-4065-9EE8-4DE33B143F5E}.Debug|Mixed Platforms.Build.0 = Debug|Any CPU
		{DFE173EE-7B3E-4065-9EE8-4DE33B143F5E}.Debug|x86.ActiveCfg = Debug|Any CPU
		{DFE173EE-7B3E-4065-9EE8-4DE33B143F5E}.Debug|x86.Build.0 = Debug|Any CPU
		{DFE173EE-7B3E-4065-9EE8-4DE33B143F5E}.Release|Any CPU.ActiveCfg = Release|Any CPU
		{DFE173EE-7B3E-4065-9EE8-4DE33B143F5E}.Release|Any CPU.Build.0 = Release|Any CPU
		{DFE173EE-7B3E-4065-9EE8-4DE33B143F5E}.Release|Mixed Platforms.ActiveCfg = Release|Any CPU
		{DFE173EE-7B3E-4065-9EE8-4DE33B143F5E}.Release|Mixed Platforms.Build.0 = Release|Any CPU
		{DFE173EE-7B3E-4065-9EE8-4DE33B143F5E}.Release|x86.ActiveCfg = Release|Any CPU
		{DFE173EE-7B3E-4065-9EE8-4DE33B143F5E}.Release|x86.Build.0 = Release|Any CPU
	EndGlobalSection
	GlobalSection(SolutionProperties) = preSolution
		HideSolutionNode = FALSE
	EndGlobalSection
	GlobalSection(ExtensibilityGlobals) = postSolution
		SolutionGuid = {145A08AC-7E6D-4497-8EA6-B39A54695965}
	EndGlobalSection
EndGlobal
